// !$*UTF8*$!
{
	archiveVersion = 1;
	classes = {
	};
	objectVersion = 56;
	objects = {

/* Begin PBXBuildFile section */
		CCBB9C6F2B11B422001EE0E8 /* main.swift in Sources */ = {isa = PBXBuildFile; fileRef = CCBB9C6E2B11B422001EE0E8 /* main.swift */; };
		CCBB9C762B11BB89001EE0E8 /* RSPApp.swift in Sources */ = {isa = PBXBuildFile; fileRef = CCBB9C752B11BB89001EE0E8 /* RSPApp.swift */; };
		CCBB9C782B11C02D001EE0E8 /* Menu.swift in Sources */ = {isa = PBXBuildFile; fileRef = CCBB9C772B11C02D001EE0E8 /* Menu.swift */; };
		CCBB9C7A2B11E64E001EE0E8 /* Hand.swift in Sources */ = {isa = PBXBuildFile; fileRef = CCBB9C792B11E64E001EE0E8 /* Hand.swift */; };
		CCCFDB4A2B139AD20072924A /* Player.swift in Sources */ = {isa = PBXBuildFile; fileRef = CCCFDB492B139AD20072924A /* Player.swift */; };
/* End PBXBuildFile section */

/* Begin PBXCopyFilesBuildPhase section */
		CCBB9C692B11B422001EE0E8 /* CopyFiles */ = {
			isa = PBXCopyFilesBuildPhase;
			buildActionMask = 2147483647;
			dstPath = /usr/share/man/man1/;
			dstSubfolderSpec = 0;
			files = (
			);
			runOnlyForDeploymentPostprocessing = 1;
		};
/* End PBXCopyFilesBuildPhase section */

/* Begin PBXFileReference section */
		CCBB9C6B2B11B422001EE0E8 /* clone-ios-rock-scissor-paper */ = {isa = PBXFileReference; explicitFileType = "compiled.mach-o.executable"; includeInIndex = 0; path = "clone-ios-rock-scissor-paper"; sourceTree = BUILT_PRODUCTS_DIR; };
		CCBB9C6E2B11B422001EE0E8 /* main.swift */ = {isa = PBXFileReference; lastKnownFileType = sourcecode.swift; path = main.swift; sourceTree = "<group>"; };
		CCBB9C752B11BB89001EE0E8 /* RSPApp.swift */ = {isa = PBXFileReference; lastKnownFileType = sourcecode.swift; path = RSPApp.swift; sourceTree = "<group>"; };
		CCBB9C772B11C02D001EE0E8 /* Menu.swift */ = {isa = PBXFileReference; lastKnownFileType = sourcecode.swift; path = Menu.swift; sourceTree = "<group>"; };
		CCBB9C792B11E64E001EE0E8 /* Hand.swift */ = {isa = PBXFileReference; lastKnownFileType = sourcecode.swift; path = Hand.swift; sourceTree = "<group>"; };
		CCCFDB492B139AD20072924A /* Player.swift */ = {isa = PBXFileReference; lastKnownFileType = sourcecode.swift; path = Player.swift; sourceTree = "<group>"; };
/* End PBXFileReference section */

/* Begin PBXFrameworksBuildPhase section */
		CCBB9C682B11B422001EE0E8 /* Frameworks */ = {
			isa = PBXFrameworksBuildPhase;
			buildActionMask = 2147483647;
			files = (
			);
			runOnlyForDeploymentPostprocessing = 0;
		};
/* End PBXFrameworksBuildPhase section */

/* Begin PBXGroup section */
		CCBB9C622B11B422001EE0E8 = {
			isa = PBXGroup;
			children = (
				CCBB9C6D2B11B422001EE0E8 /* clone-ios-rock-scissor-paper */,
				CCBB9C6C2B11B422001EE0E8 /* Products */,
			);
			sourceTree = "<group>";
		};
		CCBB9C6C2B11B422001EE0E8 /* Products */ = {
			isa = PBXGroup;
			children = (
				CCBB9C6B2B11B422001EE0E8 /* clone-ios-rock-scissor-paper */,
			);
			name = Products;
			sourceTree = "<group>";
		};
		CCBB9C6D2B11B422001EE0E8 /* clone-ios-rock-scissor-paper */ = {
			isa = PBXGroup;
			children = (
				CCBB9C6E2B11B422001EE0E8 /* main.swift */,
				CCBB9C752B11BB89001EE0E8 /* RSPApp.swift */,
				CCBB9C772B11C02D001EE0E8 /* Menu.swift */,
				CCBB9C792B11E64E001EE0E8 /* Hand.swift */,
				CCCFDB492B139AD20072924A /* Player.swift */,
			);
			path = "clone-ios-rock-scissor-paper";
			sourceTree = "<group>";
		};
/* End PBXGroup section */

/* Begin PBXNativeTarget section */
		CCBB9C6A2B11B422001EE0E8 /* clone-ios-rock-scissor-paper */ = {
			isa = PBXNativeTarget;
			buildConfigurationList = CCBB9C722B11B422001EE0E8 /* Build configuration list for PBXNativeTarget "clone-ios-rock-scissor-paper" */;
			buildPhases = (
				CCBB9C672B11B422001EE0E8 /* Sources */,
				CCBB9C682B11B422001EE0E8 /* Frameworks */,
				CCBB9C692B11B422001EE0E8 /* CopyFiles */,
			);
			buildRules = (
			);
			dependencies = (
			);
			name = "clone-ios-rock-scissor-paper";
			productName = "clone-ios-rock-scissor-paper";
			productReference = CCBB9C6B2B11B422001EE0E8 /* clone-ios-rock-scissor-paper */;
			productType = "com.apple.product-type.tool";
		};
/* End PBXNativeTarget section */

/* Begin PBXProject section */
		CCBB9C632B11B422001EE0E8 /* Project object */ = {
			isa = PBXProject;
			attributes = {
				BuildIndependentTargetsInParallel = 1;
				LastSwiftUpdateCheck = 1500;
				LastUpgradeCheck = 1500;
				TargetAttributes = {
					CCBB9C6A2B11B422001EE0E8 = {
						CreatedOnToolsVersion = 15.0;
					};
				};
			};
			buildConfigurationList = CCBB9C662B11B422001EE0E8 /* Build configuration list for PBXProject "clone-ios-rock-scissor-paper" */;
			compatibilityVersion = "Xcode 14.0";
			developmentRegion = en;
			hasScannedForEncodings = 0;
			knownRegions = (
				en,
				Base,
			);
			mainGroup = CCBB9C622B11B422001EE0E8;
			productRefGroup = CCBB9C6C2B11B422001EE0E8 /* Products */;
			projectDirPath = "";
			projectRoot = "";
			targets = (
				CCBB9C6A2B11B422001EE0E8 /* clone-ios-rock-scissor-paper */,
			);
		};
/* End PBXProject section */

/* Begin PBXSourcesBuildPhase section */
		CCBB9C672B11B422001EE0E8 /* Sources */ = {
			isa = PBXSourcesBuildPhase;
			buildActionMask = 2147483647;
			files = (
				CCBB9C782B11C02D001EE0E8 /* Menu.swift in Sources */,
				CCBB9C7A2B11E64E001EE0E8 /* Hand.swift in Sources */,
				CCBB9C6F2B11B422001EE0E8 /* main.swift in Sources */,
				CCCFDB4A2B139AD20072924A /* Player.swift in Sources */,
				CCBB9C762B11BB89001EE0E8 /* RSPApp.swift in Sources */,
			);
			runOnlyForDeploymentPostprocessing = 0;
		};
/* End PBXSourcesBuildPhase section */

/* Begin XCBuildConfiguration section */
		CCBB9C702B11B422001EE0E8 /* Debug */ = {
			isa = XCBuildConfiguration;
			buildSettings = {
				ALWAYS_SEARCH_USER_PATHS = NO;
				ASSETCATALOG_COMPILER_GENERATE_SWIFT_ASSET_SYMBOL_EXTENSIONS = YES;
				CLANG_ANALYZER_NONNULL = YES;
				CLANG_ANALYZER_NUMBER_OBJECT_CONVERSION = YES_AGGRESSIVE;
				CLANG_CXX_LANGUAGE_STANDARD = "gnu++20";
				CLANG_ENABLE_MODULES = YES;
				CLANG_ENABLE_OBJC_ARC = YES;
				CLANG_ENABLE_OBJC_WEAK = YES;
				CLANG_WARN_BLOCK_CAPTURE_AUTORELEASING = YES;
				CLANG_WARN_BOOL_CONVERSION = YES;
				CLANG_WARN_COMMA = YES;
				CLANG_WARN_CONSTANT_CONVERSION = YES;
				CLANG_WARN_DEPRECATED_OBJC_IMPLEMENTATIONS = YES;
				CLANG_WARN_DIRECT_OBJC_ISA_USAGE = YES_ERROR;
				CLANG_WARN_DOCUMENTATION_COMMENTS = YES;
				CLANG_WARN_EMPTY_BODY = YES;
				CLANG_WARN_ENUM_CONVERSION = YES;
				CLANG_WARN_INFINITE_RECURSION = YES;
				CLANG_WARN_INT_CONVERSION = YES;
				CLANG_WARN_NON_LITERAL_NULL_CONVERSION = YES;
				CLANG_WARN_OBJC_IMPLICIT_RETAIN_SELF = YES;
				CLANG_WARN_OBJC_LITERAL_CONVERSION = YES;
				CLANG_WARN_OBJC_ROOT_CLASS = YES_ERROR;
				CLANG_WARN_QUOTED_INCLUDE_IN_FRAMEWORK_HEADER = YES;
				CLANG_WARN_RANGE_LOOP_ANALYSIS = YES;
				CLANG_WARN_STRICT_PROTOTYPES = YES;
				CLANG_WARN_SUSPICIOUS_MOVE = YES;
				CLANG_WARN_UNGUARDED_AVAILABILITY = YES_AGGRESSIVE;
				CLANG_WARN_UNREACHABLE_CODE = YES;
				CLANG_WARN__DUPLICATE_METHOD_MATCH = YES;
				COPY_PHASE_STRIP = NO;
				DEBUG_INFORMATION_FORMAT = dwarf;
				ENABLE_STRICT_OBJC_MSGSEND = YES;
				ENABLE_TESTABILITY = YES;
				ENABLE_USER_SCRIPT_SANDBOXING = YES;
				GCC_C_LANGUAGE_STANDARD = gnu17;
				GCC_DYNAMIC_NO_PIC = NO;
				GCC_NO_COMMON_BLOCKS = YES;
				GCC_OPTIMIZATION_LEVEL = 0;
				GCC_PREPROCESSOR_DEFINITIONS = (
					"DEBUG=1",
					"$(inherited)",
				);
				GCC_WARN_64_TO_32_BIT_CONVERSION = YES;
				GCC_WARN_ABOUT_RETURN_TYPE = YES_ERROR;
				GCC_WARN_UNDECLARED_SELECTOR = YES;
				GCC_WARN_UNINITIALIZED_AUTOS = YES_AGGRESSIVE;
				GCC_WARN_UNUSED_FUNCTION = YES;
				GCC_WARN_UNUSED_VARIABLE = YES;
				LOCALIZATION_PREFERS_STRING_CATALOGS = YES;
				MACOSX_DEPLOYMENT_TARGET = 14.0;
				MTL_ENABLE_DEBUG_INFO = INCLUDE_SOURCE;
				MTL_FAST_MATH = YES;
				ONLY_ACTIVE_ARCH = YES;
				SDKROOT = macosx;
				SWIFT_ACTIVE_COMPILATION_CONDITIONS = "DEBUG $(inherited)";
				SWIFT_OPTIMIZATION_LEVEL = "-Onone";
			};
			name = Debug;
		};
		CCBB9C712B11B422001EE0E8 /* Release */ = {
			isa = XCBuildConfiguration;
			buildSettings = {
				ALWAYS_SEARCH_USER_PATHS = NO;
				ASSETCATALOG_COMPILER_GENERATE_SWIFT_ASSET_SYMBOL_EXTENSIONS = YES;
				CLANG_ANALYZER_NONNULL = YES;
				CLANG_ANALYZER_NUMBER_OBJECT_CONVERSION = YES_AGGRESSIVE;
				CLANG_CXX_LANGUAGE_STANDARD = "gnu++20";
				CLANG_ENABLE_MODULES = YES;
				CLANG_ENABLE_OBJC_ARC = YES;
				CLANG_ENABLE_OBJC_WEAK = YES;
				CLANG_WARN_BLOCK_CAPTURE_AUTORELEASING = YES;
				CLANG_WARN_BOOL_CONVERSION = YES;
				CLANG_WARN_COMMA = YES;
				CLANG_WARN_CONSTANT_CONVERSION = YES;
				CLANG_WARN_DEPRECATED_OBJC_IMPLEMENTATIONS = YES;
				CLANG_WARN_DIRECT_OBJC_ISA_USAGE = YES_ERROR;
				CLANG_WARN_DOCUMENTATION_COMMENTS = YES;
				CLANG_WARN_EMPTY_BODY = YES;
				CLANG_WARN_ENUM_CONVERSION = YES;
				CLANG_WARN_INFINITE_RECURSION = YES;
				CLANG_WARN_INT_CONVERSION = YES;
				CLANG_WARN_NON_LITERAL_NULL_CONVERSION = YES;
				CLANG_WARN_OBJC_IMPLICIT_RETAIN_SELF = YES;
				CLANG_WARN_OBJC_LITERAL_CONVERSION = YES;
				CLANG_WARN_OBJC_ROOT_CLASS = YES_ERROR;
				CLANG_WARN_QUOTED_INCLUDE_IN_FRAMEWORK_HEADER = YES;
				CLANG_WARN_RANGE_LOOP_ANALYSIS = YES;
				CLANG_WARN_STRICT_PROTOTYPES = YES;
				CLANG_WARN_SUSPICIOUS_MOVE = YES;
				CLANG_WARN_UNGUARDED_AVAILABILITY = YES_AGGRESSIVE;
				CLANG_WARN_UNREACHABLE_CODE = YES;
				CLANG_WARN__DUPLICATE_METHOD_MATCH = YES;
				COPY_PHASE_STRIP = NO;
				DEBUG_INFORMATION_FORMAT = "dwarf-with-dsym";
				ENABLE_NS_ASSERTIONS = NO;
				ENABLE_STRICT_OBJC_MSGSEND = YES;
				ENABLE_USER_SCRIPT_SANDBOXING = YES;
				GCC_C_LANGUAGE_STANDARD = gnu17;
				GCC_NO_COMMON_BLOCKS = YES;
				GCC_WARN_64_TO_32_BIT_CONVERSION = YES;
				GCC_WARN_ABOUT_RETURN_TYPE = YES_ERROR;
				GCC_WARN_UNDECLARED_SELECTOR = YES;
				GCC_WARN_UNINITIALIZED_AUTOS = YES_AGGRESSIVE;
				GCC_WARN_UNUSED_FUNCTION = YES;
				GCC_WARN_UNUSED_VARIABLE = YES;
				LOCALIZATION_PREFERS_STRING_CATALOGS = YES;
				MACOSX_DEPLOYMENT_TARGET = 14.0;
				MTL_ENABLE_DEBUG_INFO = NO;
				MTL_FAST_MATH = YES;
				SDKROOT = macosx;
				SWIFT_COMPILATION_MODE = wholemodule;
			};
			name = Release;
		};
		CCBB9C732B11B422001EE0E8 /* Debug */ = {
			isa = XCBuildConfiguration;
			buildSettings = {
				CODE_SIGN_STYLE = Automatic;
				DEVELOPMENT_TEAM = HGC446G538;
				ENABLE_HARDENED_RUNTIME = YES;
				PRODUCT_NAME = "$(TARGET_NAME)";
				SWIFT_VERSION = 5.0;
			};
			name = Debug;
		};
		CCBB9C742B11B422001EE0E8 /* Release */ = {
			isa = XCBuildConfiguration;
			buildSettings = {
				CODE_SIGN_STYLE = Automatic;
				DEVELOPMENT_TEAM = HGC446G538;
				ENABLE_HARDENED_RUNTIME = YES;
				PRODUCT_NAME = "$(TARGET_NAME)";
				SWIFT_VERSION = 5.0;
			};
			name = Release;
		};
/* End XCBuildConfiguration section */

/* Begin XCConfigurationList section */
		CCBB9C662B11B422001EE0E8 /* Build configuration list for PBXProject "clone-ios-rock-scissor-paper" */ = {
			isa = XCConfigurationList;
			buildConfigurations = (
				CCBB9C702B11B422001EE0E8 /* Debug */,
				CCBB9C712B11B422001EE0E8 /* Release */,
			);
			defaultConfigurationIsVisible = 0;
			defaultConfigurationName = Release;
		};
		CCBB9C722B11B422001EE0E8 /* Build configuration list for PBXNativeTarget "clone-ios-rock-scissor-paper" */ = {
			isa = XCConfigurationList;
			buildConfigurations = (
				CCBB9C732B11B422001EE0E8 /* Debug */,
				CCBB9C742B11B422001EE0E8 /* Release */,
			);
			defaultConfigurationIsVisible = 0;
			defaultConfigurationName = Release;
		};
/* End XCConfigurationList section */
	};
	rootObject = CCBB9C632B11B422001EE0E8 /* Project object */;
}
